{
  "pins" : [
    {
      "identity" : "usercentrics-spm-sdk",
      "kind" : "remoteSourceControl",
      "location" : "https://bitbucket.org/usercentricscode/usercentrics-spm-sdk",
      "state" : {
        "revision" : "ea227d5464f9474b4f9b6d82148854d0950fb9c1",
        "version" : "2.7.6"
      }
    },
    {
      "identity" : "usercentrics-spm-ui",
      "kind" : "remoteSourceControl",
      "location" : "https://bitbucket.org/usercentricscode/usercentrics-spm-ui",
      "state" : {
        "revision" : "b9bef87ca2f3068ec32c1fae6673c155a559f71d",
        "version" : "2.7.6"
      }
    }
  ],
  "version" : 2
}
