{
  "pins" : [
    {
      "identity" : "usercentrics-spm-sdk",
      "kind" : "remoteSourceControl",
      "location" : "https://bitbucket.org/usercentricscode/usercentrics-spm-sdk",
      "state" : {
        "revision" : "9b41744ab8e77cd1f204ed825a5ec202100cc0aa",
        "version" : "2.7.5"
      }
    },
    {
      "identity" : "usercentrics-spm-ui",
      "kind" : "remoteSourceControl",
      "location" : "https://bitbucket.org/usercentricscode/usercentrics-spm-ui",
      "state" : {
        "revision" : "bc1948c520793c4c93ce78501e224ae488886efd",
        "version" : "2.7.5"
      }
    }
  ],
  "version" : 2
}
